// !$*UTF8*$!
{
	archiveVersion = 1;
	classes = {
	};
	objectVersion = 48;
	objects = {

/* Begin PBXBuildFile section */
		C20DA94A1FD5BDE900B1D45D /* LaunchScreen.storyboard in Resources */ = {isa = PBXBuildFile; fileRef = C20DA9481FD5BDE900B1D45D /* LaunchScreen.storyboard */; };
		C20DA94D1FD5BFDF00B1D45D /* utility.cpp in Sources */ = {isa = PBXBuildFile; fileRef = C239A5CA1FD49F43003BD3BB /* utility.cpp */; };
		C20DA9521FD5BFDF00B1D45D /* AppDelegate.swift in Sources */ = {isa = PBXBuildFile; fileRef = C2F2836D1FBA7339007A0BEA /* AppDelegate.swift */; };
		C20DA9571FD5BFDF00B1D45D /* Assets-iOS.xcassets in Resources */ = {isa = PBXBuildFile; fileRef = C2F283741FBA7339007A0BEA /* Assets-iOS.xcassets */; };
		C20DA9581FD5BFDF00B1D45D /* LaunchScreen.storyboard in Resources */ = {isa = PBXBuildFile; fileRef = C20DA9481FD5BDE900B1D45D /* LaunchScreen.storyboard */; };
		C20DA9691FD5C65500B1D45D /* grid.cpp in Sources */ = {isa = PBXBuildFile; fileRef = C20DA9671FD5C65500B1D45D /* grid.cpp */; };
		C20DA96B1FD5CA9800B1D45D /* grid.vsh in Resources */ = {isa = PBXBuildFile; fileRef = C20DA96A1FD5CA9800B1D45D /* grid.vsh */; };
		C20DA96D1FD5CAA200B1D45D /* grid.fsh in Resources */ = {isa = PBXBuildFile; fileRef = C20DA96C1FD5CAA200B1D45D /* grid.fsh */; };
		C21B333F1FD8CDB900B0F57D /* draw.cpp in Sources */ = {isa = PBXBuildFile; fileRef = C20DA9611FD5C37F00B1D45D /* draw.cpp */; };
		C21E28841FF6C0BD00506FB4 /* main.cpp in Sources */ = {isa = PBXBuildFile; fileRef = C21E28831FF6C0BD00506FB4 /* main.cpp */; };
		C225BE101FBD11650097F75E /* ViewController.swift in Sources */ = {isa = PBXBuildFile; fileRef = C225BE0F1FBD11650097F75E /* ViewController.swift */; };
		C239A5CD1FD49F44003BD3BB /* geometry.cpp in Sources */ = {isa = PBXBuildFile; fileRef = C239A5C51FD49F43003BD3BB /* geometry.cpp */; };
		C239A5CF1FD49F44003BD3BB /* geometry.fsh in Resources */ = {isa = PBXBuildFile; fileRef = C239A5C81FD49F43003BD3BB /* geometry.fsh */; };
		C239A5D01FD49F44003BD3BB /* utility.cpp in Sources */ = {isa = PBXBuildFile; fileRef = C239A5CA1FD49F43003BD3BB /* utility.cpp */; };
		C239A5D11FD49F44003BD3BB /* geometry.vsh in Resources */ = {isa = PBXBuildFile; fileRef = C239A5CB1FD49F43003BD3BB /* geometry.vsh */; };
		C24F79AB2005380000B6AC00 /* flat.cpp in Sources */ = {isa = PBXBuildFile; fileRef = C24F79A92005380000B6AC00 /* flat.cpp */; };
		C24F79AD2005397D00B6AC00 /* flat.vsh in Resources */ = {isa = PBXBuildFile; fileRef = C24F79AC2005397D00B6AC00 /* flat.vsh */; };
		C24F79AF2005398400B6AC00 /* flat.fsh in Resources */ = {isa = PBXBuildFile; fileRef = C24F79AE2005398400B6AC00 /* flat.fsh */; };
		C25265711FFC96A600BC8B9C /* positions in Resources */ = {isa = PBXBuildFile; fileRef = C252656F1FFC963D00BC8B9C /* positions */; };
		C25265721FFC96A600BC8B9C /* velocities in Resources */ = {isa = PBXBuildFile; fileRef = C25265701FFC963D00BC8B9C /* velocities */; };
		C269A7B61FE8395900BD86EB /* UIView+.swift in Sources */ = {isa = PBXBuildFile; fileRef = C269A7B51FE8395900BD86EB /* UIView+.swift */; };
		C269A7B71FE8395900BD86EB /* UIView+.swift in Sources */ = {isa = PBXBuildFile; fileRef = C269A7B51FE8395900BD86EB /* UIView+.swift */; };
		C269A7B81FE8395900BD86EB /* UIView+.swift in Sources */ = {isa = PBXBuildFile; fileRef = C269A7B51FE8395900BD86EB /* UIView+.swift */; };
		C28822251FEC8D4400C6128B /* textures.cpp in Sources */ = {isa = PBXBuildFile; fileRef = C28822231FEC8D4400C6128B /* textures.cpp */; };
		C28C3C9D1FE31E6300C6CF99 /* utility.cpp in Sources */ = {isa = PBXBuildFile; fileRef = C239A5CA1FD49F43003BD3BB /* utility.cpp */; };
		C28C3C9E1FE31E6300C6CF99 /* AppDelegate.swift in Sources */ = {isa = PBXBuildFile; fileRef = C2F2836D1FBA7339007A0BEA /* AppDelegate.swift */; };
		C28C3CA01FE31E6300C6CF99 /* grid.cpp in Sources */ = {isa = PBXBuildFile; fileRef = C20DA9671FD5C65500B1D45D /* grid.cpp */; };
		C28C3CA31FE31E6300C6CF99 /* grid.vsh in Resources */ = {isa = PBXBuildFile; fileRef = C20DA96A1FD5CA9800B1D45D /* grid.vsh */; };
		C28C3CA41FE31E6300C6CF99 /* Assets-iOS.xcassets in Resources */ = {isa = PBXBuildFile; fileRef = C2F283741FBA7339007A0BEA /* Assets-iOS.xcassets */; };
		C28C3CA51FE31E6300C6CF99 /* grid.fsh in Resources */ = {isa = PBXBuildFile; fileRef = C20DA96C1FD5CAA200B1D45D /* grid.fsh */; };
		C28C3CA61FE31E6300C6CF99 /* LaunchScreen.storyboard in Resources */ = {isa = PBXBuildFile; fileRef = C20DA9481FD5BDE900B1D45D /* LaunchScreen.storyboard */; };
		C28C3CAD1FE31EC700C6CF99 /* ViewController.swift in Sources */ = {isa = PBXBuildFile; fileRef = C28C3CAC1FE31EC700C6CF99 /* ViewController.swift */; };
		C28C3CB01FE31F6100C6CF99 /* particles.vsh in Resources */ = {isa = PBXBuildFile; fileRef = C28C3CAF1FE31F6100C6CF99 /* particles.vsh */; };
		C28C3CB21FE31F7D00C6CF99 /* particles.fsh in Resources */ = {isa = PBXBuildFile; fileRef = C28C3CB11FE31F7D00C6CF99 /* particles.fsh */; };
		C28C3CB41FE3202E00C6CF99 /* particles.cpp in Sources */ = {isa = PBXBuildFile; fileRef = C28C3CB31FE3202E00C6CF99 /* particles.cpp */; };
		C28C3CB61FE320B400C6CF99 /* draw.cpp in Sources */ = {isa = PBXBuildFile; fileRef = C28C3CB51FE320B400C6CF99 /* draw.cpp */; };
		C28C3CB81FE425B900C6CF99 /* update.vsh in Resources */ = {isa = PBXBuildFile; fileRef = C28C3CB71FE425B900C6CF99 /* update.vsh */; };
		C28C3CBA1FE425C400C6CF99 /* update.fsh in Resources */ = {isa = PBXBuildFile; fileRef = C28C3CB91FE425C400C6CF99 /* update.fsh */; };
		C2A2DA661FD9011B00DEAC28 /* draw.cpp in Sources */ = {isa = PBXBuildFile; fileRef = C239A5C71FD49F43003BD3BB /* draw.cpp */; };
		C2A42C591FED6EC1009B9EB7 /* data in Resources */ = {isa = PBXBuildFile; fileRef = C2A42C571FED6EBD009B9EB7 /* data */; };
		C2A6C92C2003E6D90025ED91 /* obstacles.cpp in Sources */ = {isa = PBXBuildFile; fileRef = C2A6C92A2003E6D90025ED91 /* obstacles.cpp */; };
		C2A6C92E2003E6F70025ED91 /* obstacles.vsh in Resources */ = {isa = PBXBuildFile; fileRef = C2A6C92D2003E6F70025ED91 /* obstacles.vsh */; };
		C2A6C9302003E7040025ED91 /* obstacles.fsh in Resources */ = {isa = PBXBuildFile; fileRef = C2A6C92F2003E7040025ED91 /* obstacles.fsh */; };
		C2BFA34F1FE8CC6C00DC018F /* RootController.swift in Sources */ = {isa = PBXBuildFile; fileRef = C2BFA34E1FE8CC6C00DC018F /* RootController.swift */; };
		C2BFA3501FE8CC6C00DC018F /* RootController.swift in Sources */ = {isa = PBXBuildFile; fileRef = C2BFA34E1FE8CC6C00DC018F /* RootController.swift */; };
		C2BFA3511FE8CC6C00DC018F /* RootController.swift in Sources */ = {isa = PBXBuildFile; fileRef = C2BFA34E1FE8CC6C00DC018F /* RootController.swift */; };
		C2BFA3541FE8D20A00DC018F /* ViewController.swift in Sources */ = {isa = PBXBuildFile; fileRef = C2BFA3531FE8D20A00DC018F /* ViewController.swift */; };
		C2EDF78F1FE871220077195D /* update.cpp in Sources */ = {isa = PBXBuildFile; fileRef = C2EDF78D1FE871220077195D /* update.cpp */; };
		C2F2836E1FBA7339007A0BEA /* AppDelegate.swift in Sources */ = {isa = PBXBuildFile; fileRef = C2F2836D1FBA7339007A0BEA /* AppDelegate.swift */; };
		C2F283751FBA7339007A0BEA /* Assets-iOS.xcassets in Resources */ = {isa = PBXBuildFile; fileRef = C2F283741FBA7339007A0BEA /* Assets-iOS.xcassets */; };
		C2FDEDBD1FBE40C3008529A6 /* Dungeon.png in Resources */ = {isa = PBXBuildFile; fileRef = C2FDEDBC1FBE40C3008529A6 /* Dungeon.png */; };
/* End PBXBuildFile section */

/* Begin PBXCopyFilesBuildPhase section */
		C28822171FEC653900C6128B /* CopyFiles */ = {
			isa = PBXCopyFilesBuildPhase;
			buildActionMask = 2147483647;
			dstPath = /usr/share/man/man1;
			dstSubfolderSpec = 0;
			files = (
			);
			runOnlyForDeploymentPostprocessing = 1;
		};
		C28822281FECCD1000C6128B /* Resources */ = {
			isa = PBXCopyFilesBuildPhase;
			buildActionMask = 2147483647;
			dstPath = "";
			dstSubfolderSpec = 7;
			files = (
				C25265711FFC96A600BC8B9C /* positions in Resources */,
				C25265721FFC96A600BC8B9C /* velocities in Resources */,
			);
			name = Resources;
			runOnlyForDeploymentPostprocessing = 0;
		};
/* End PBXCopyFilesBuildPhase section */

/* Begin PBXFileReference section */
		C20DA9491FD5BDE900B1D45D /* Base */ = {isa = PBXFileReference; lastKnownFileType = file.storyboard; name = Base; path = Base.lproj/LaunchScreen.storyboard; sourceTree = "<group>"; };
		C20DA95D1FD5BFDF00B1D45D /* Grid.app */ = {isa = PBXFileReference; explicitFileType = wrapper.application; includeInIndex = 0; path = Grid.app; sourceTree = BUILT_PRODUCTS_DIR; };
		C20DA9611FD5C37F00B1D45D /* draw.cpp */ = {isa = PBXFileReference; lastKnownFileType = sourcecode.cpp.cpp; path = draw.cpp; sourceTree = "<group>"; };
		C20DA9671FD5C65500B1D45D /* grid.cpp */ = {isa = PBXFileReference; lastKnownFileType = sourcecode.cpp.cpp; path = grid.cpp; sourceTree = "<group>"; };
		C20DA9681FD5C65500B1D45D /* grid.hpp */ = {isa = PBXFileReference; lastKnownFileType = sourcecode.cpp.h; path = grid.hpp; sourceTree = "<group>"; };
		C20DA96A1FD5CA9800B1D45D /* grid.vsh */ = {isa = PBXFileReference; lastKnownFileType = sourcecode.glsl; path = grid.vsh; sourceTree = "<group>"; };
		C20DA96C1FD5CAA200B1D45D /* grid.fsh */ = {isa = PBXFileReference; lastKnownFileType = sourcecode.glsl; path = grid.fsh; sourceTree = "<group>"; };
		C21E28831FF6C0BD00506FB4 /* main.cpp */ = {isa = PBXFileReference; lastKnownFileType = sourcecode.cpp.cpp; path = main.cpp; sourceTree = "<group>"; };
		C225BE0F1FBD11650097F75E /* ViewController.swift */ = {isa = PBXFileReference; lastKnownFileType = sourcecode.swift; path = ViewController.swift; sourceTree = "<group>"; };
		C239A5C51FD49F43003BD3BB /* geometry.cpp */ = {isa = PBXFileReference; fileEncoding = 4; lastKnownFileType = sourcecode.cpp.cpp; path = geometry.cpp; sourceTree = "<group>"; };
		C239A5C61FD49F43003BD3BB /* utility.hpp */ = {isa = PBXFileReference; fileEncoding = 4; lastKnownFileType = sourcecode.cpp.h; path = utility.hpp; sourceTree = "<group>"; };
		C239A5C71FD49F43003BD3BB /* draw.cpp */ = {isa = PBXFileReference; fileEncoding = 4; lastKnownFileType = sourcecode.cpp.cpp; path = draw.cpp; sourceTree = "<group>"; };
		C239A5C81FD49F43003BD3BB /* geometry.fsh */ = {isa = PBXFileReference; fileEncoding = 4; lastKnownFileType = sourcecode.glsl; path = geometry.fsh; sourceTree = "<group>"; };
		C239A5CA1FD49F43003BD3BB /* utility.cpp */ = {isa = PBXFileReference; fileEncoding = 4; lastKnownFileType = sourcecode.cpp.cpp; path = utility.cpp; sourceTree = "<group>"; };
		C239A5CB1FD49F43003BD3BB /* geometry.vsh */ = {isa = PBXFileReference; fileEncoding = 4; lastKnownFileType = sourcecode.glsl; path = geometry.vsh; sourceTree = "<group>"; };
		C239A5CC1FD49F43003BD3BB /* geometry.hpp */ = {isa = PBXFileReference; fileEncoding = 4; lastKnownFileType = sourcecode.cpp.h; path = geometry.hpp; sourceTree = "<group>"; };
		C24F79A92005380000B6AC00 /* flat.cpp */ = {isa = PBXFileReference; lastKnownFileType = sourcecode.cpp.cpp; path = flat.cpp; sourceTree = "<group>"; };
		C24F79AA2005380000B6AC00 /* flat.hpp */ = {isa = PBXFileReference; lastKnownFileType = sourcecode.cpp.h; path = flat.hpp; sourceTree = "<group>"; };
		C24F79AC2005397D00B6AC00 /* flat.vsh */ = {isa = PBXFileReference; lastKnownFileType = sourcecode.glsl; path = flat.vsh; sourceTree = "<group>"; };
		C24F79AE2005398400B6AC00 /* flat.fsh */ = {isa = PBXFileReference; lastKnownFileType = sourcecode.glsl; path = flat.fsh; sourceTree = "<group>"; };
		C252656F1FFC963D00BC8B9C /* positions */ = {isa = PBXFileReference; lastKnownFileType = file; path = positions; sourceTree = "<group>"; };
		C25265701FFC963D00BC8B9C /* velocities */ = {isa = PBXFileReference; lastKnownFileType = file; path = velocities; sourceTree = "<group>"; };
		C269A7B51FE8395900BD86EB /* UIView+.swift */ = {isa = PBXFileReference; lastKnownFileType = sourcecode.swift; path = "UIView+.swift"; sourceTree = "<group>"; };
		C28822191FEC653900C6128B /* Playground */ = {isa = PBXFileReference; explicitFileType = "compiled.mach-o.executable"; includeInIndex = 0; path = Playground; sourceTree = BUILT_PRODUCTS_DIR; };
		C28822231FEC8D4400C6128B /* textures.cpp */ = {isa = PBXFileReference; lastKnownFileType = sourcecode.cpp.cpp; path = textures.cpp; sourceTree = "<group>"; };
		C28822241FEC8D4400C6128B /* textures.hpp */ = {isa = PBXFileReference; lastKnownFileType = sourcecode.cpp.h; path = textures.hpp; sourceTree = "<group>"; };
		C28C3CAA1FE31E6300C6CF99 /* Particles.app */ = {isa = PBXFileReference; explicitFileType = wrapper.application; includeInIndex = 0; path = Particles.app; sourceTree = BUILT_PRODUCTS_DIR; };
		C28C3CAC1FE31EC700C6CF99 /* ViewController.swift */ = {isa = PBXFileReference; lastKnownFileType = sourcecode.swift; path = ViewController.swift; sourceTree = "<group>"; };
		C28C3CAE1FE31EFE00C6CF99 /* particles.hpp */ = {isa = PBXFileReference; lastKnownFileType = sourcecode.cpp.h; path = particles.hpp; sourceTree = "<group>"; };
		C28C3CAF1FE31F6100C6CF99 /* particles.vsh */ = {isa = PBXFileReference; lastKnownFileType = sourcecode.glsl; path = particles.vsh; sourceTree = "<group>"; };
		C28C3CB11FE31F7D00C6CF99 /* particles.fsh */ = {isa = PBXFileReference; lastKnownFileType = sourcecode.glsl; path = particles.fsh; sourceTree = "<group>"; };
		C28C3CB31FE3202E00C6CF99 /* particles.cpp */ = {isa = PBXFileReference; lastKnownFileType = sourcecode.cpp.cpp; path = particles.cpp; sourceTree = "<group>"; };
		C28C3CB51FE320B400C6CF99 /* draw.cpp */ = {isa = PBXFileReference; lastKnownFileType = sourcecode.cpp.cpp; path = draw.cpp; sourceTree = "<group>"; };
		C28C3CB71FE425B900C6CF99 /* update.vsh */ = {isa = PBXFileReference; lastKnownFileType = sourcecode.glsl; path = update.vsh; sourceTree = "<group>"; };
		C28C3CB91FE425C400C6CF99 /* update.fsh */ = {isa = PBXFileReference; lastKnownFileType = sourcecode.glsl; path = update.fsh; sourceTree = "<group>"; };
		C2A42C571FED6EBD009B9EB7 /* data */ = {isa = PBXFileReference; lastKnownFileType = file; path = data; sourceTree = "<group>"; };
		C2A6C92A2003E6D90025ED91 /* obstacles.cpp */ = {isa = PBXFileReference; lastKnownFileType = sourcecode.cpp.cpp; path = obstacles.cpp; sourceTree = "<group>"; };
		C2A6C92B2003E6D90025ED91 /* obstacles.hpp */ = {isa = PBXFileReference; lastKnownFileType = sourcecode.cpp.h; path = obstacles.hpp; sourceTree = "<group>"; };
		C2A6C92D2003E6F70025ED91 /* obstacles.vsh */ = {isa = PBXFileReference; lastKnownFileType = sourcecode.glsl; path = obstacles.vsh; sourceTree = "<group>"; };
		C2A6C92F2003E7040025ED91 /* obstacles.fsh */ = {isa = PBXFileReference; lastKnownFileType = sourcecode.glsl; path = obstacles.fsh; sourceTree = "<group>"; };
		C2B25DE81FBB837A00287630 /* OpenGL.framework */ = {isa = PBXFileReference; lastKnownFileType = wrapper.framework; name = OpenGL.framework; path = Platforms/MacOSX.platform/Developer/SDKs/MacOSX10.13.sdk/System/Library/Frameworks/OpenGL.framework; sourceTree = DEVELOPER_DIR; };
		C2B25DEA1FBB840A00287630 /* GLUT.framework */ = {isa = PBXFileReference; lastKnownFileType = wrapper.framework; name = GLUT.framework; path = Platforms/MacOSX.platform/Developer/SDKs/MacOSX10.13.sdk/System/Library/Frameworks/GLUT.framework; sourceTree = DEVELOPER_DIR; };
		C2B25DEC1FBB841300287630 /* Cocoa.framework */ = {isa = PBXFileReference; lastKnownFileType = wrapper.framework; name = Cocoa.framework; path = Platforms/MacOSX.platform/Developer/SDKs/MacOSX10.13.sdk/System/Library/Frameworks/Cocoa.framework; sourceTree = DEVELOPER_DIR; };
		C2B25DFE1FBBBF2900287630 /* OpenGLES.framework */ = {isa = PBXFileReference; lastKnownFileType = wrapper.framework; name = OpenGLES.framework; path = System/Library/Frameworks/OpenGLES.framework; sourceTree = SDKROOT; };
		C2BFA34A1FE8C21500DC018F /* draw.h */ = {isa = PBXFileReference; lastKnownFileType = sourcecode.c.h; path = draw.h; sourceTree = "<group>"; };
		C2BFA34E1FE8CC6C00DC018F /* RootController.swift */ = {isa = PBXFileReference; lastKnownFileType = sourcecode.swift; path = RootController.swift; sourceTree = "<group>"; };
		C2BFA3531FE8D20A00DC018F /* ViewController.swift */ = {isa = PBXFileReference; lastKnownFileType = sourcecode.swift; path = ViewController.swift; sourceTree = "<group>"; };
		C2DC35A11FBF8E3E00C49007 /* AppDelegate.swift */ = {isa = PBXFileReference; lastKnownFileType = sourcecode.swift; path = AppDelegate.swift; sourceTree = "<group>"; };
		C2DC35A31FBF8E3E00C49007 /* Assets-macOS.xcassets */ = {isa = PBXFileReference; lastKnownFileType = folder.assetcatalog; path = "Assets-macOS.xcassets"; sourceTree = "<group>"; };
		C2DC35A81FBF8E3E00C49007 /* Info-macOS.plist */ = {isa = PBXFileReference; lastKnownFileType = text.plist.xml; path = "Info-macOS.plist"; sourceTree = "<group>"; };
		C2DC35AD1FBF929A00C49007 /* main.swift */ = {isa = PBXFileReference; lastKnownFileType = sourcecode.swift; path = main.swift; sourceTree = "<group>"; };
		C2EDF78D1FE871220077195D /* update.cpp */ = {isa = PBXFileReference; lastKnownFileType = sourcecode.cpp.cpp; path = update.cpp; sourceTree = "<group>"; };
		C2EDF78E1FE871220077195D /* update.hpp */ = {isa = PBXFileReference; lastKnownFileType = sourcecode.cpp.h; path = update.hpp; sourceTree = "<group>"; };
		C2F2836A1FBA7339007A0BEA /* Geometry.app */ = {isa = PBXFileReference; explicitFileType = wrapper.application; includeInIndex = 0; path = Geometry.app; sourceTree = BUILT_PRODUCTS_DIR; };
		C2F2836D1FBA7339007A0BEA /* AppDelegate.swift */ = {isa = PBXFileReference; lastKnownFileType = sourcecode.swift; path = AppDelegate.swift; sourceTree = "<group>"; };
		C2F283741FBA7339007A0BEA /* Assets-iOS.xcassets */ = {isa = PBXFileReference; lastKnownFileType = folder.assetcatalog; path = "Assets-iOS.xcassets"; sourceTree = "<group>"; };
		C2F283791FBA7339007A0BEA /* Info-iOS.plist */ = {isa = PBXFileReference; lastKnownFileType = text.plist.xml; path = "Info-iOS.plist"; sourceTree = "<group>"; };
		C2FDEDBC1FBE40C3008529A6 /* Dungeon.png */ = {isa = PBXFileReference; lastKnownFileType = image.png; path = Dungeon.png; sourceTree = "<group>"; };
/* End PBXFileReference section */

/* Begin PBXFrameworksBuildPhase section */
		C20DA9531FD5BFDF00B1D45D /* Frameworks */ = {
			isa = PBXFrameworksBuildPhase;
			buildActionMask = 2147483647;
			files = (
			);
			runOnlyForDeploymentPostprocessing = 0;
		};
		C28822161FEC653900C6128B /* Frameworks */ = {
			isa = PBXFrameworksBuildPhase;
			buildActionMask = 2147483647;
			files = (
			);
			runOnlyForDeploymentPostprocessing = 0;
		};
		C28C3CA11FE31E6300C6CF99 /* Frameworks */ = {
			isa = PBXFrameworksBuildPhase;
			buildActionMask = 2147483647;
			files = (
			);
			runOnlyForDeploymentPostprocessing = 0;
		};
		C2F283671FBA7338007A0BEA /* Frameworks */ = {
			isa = PBXFrameworksBuildPhase;
			buildActionMask = 2147483647;
			files = (
			);
			runOnlyForDeploymentPostprocessing = 0;
		};
/* End PBXFrameworksBuildPhase section */

/* Begin PBXGroup section */
		C20DA9401FD5B18200B1D45D /* Common */ = {
			isa = PBXGroup;
			children = (
				C239A5C71FD49F43003BD3BB /* draw.cpp */,
				C239A5CC1FD49F43003BD3BB /* geometry.hpp */,
				C239A5C51FD49F43003BD3BB /* geometry.cpp */,
				C239A5C81FD49F43003BD3BB /* geometry.fsh */,
				C239A5CB1FD49F43003BD3BB /* geometry.vsh */,
			);
			path = Common;
			sourceTree = "<group>";
		};
		C20DA9411FD5B18D00B1D45D /* Geometry */ = {
			isa = PBXGroup;
			children = (
				C20DA9401FD5B18200B1D45D /* Common */,
				C2B25DD61FBB801800287630 /* iOS */,
				C20DA9421FD5B1A000B1D45D /* Resources */,
			);
			path = Geometry;
			sourceTree = "<group>";
		};
		C20DA9421FD5B1A000B1D45D /* Resources */ = {
			isa = PBXGroup;
			children = (
				C2FDEDBC1FBE40C3008529A6 /* Dungeon.png */,
			);
			path = Resources;
			sourceTree = "<group>";
		};
		C20DA9431FD5B7D700B1D45D /* Grid */ = {
			isa = PBXGroup;
			children = (
				C20DA9601FD5C20F00B1D45D /* Common */,
				C2BFA3521FE8D1DB00DC018F /* iOS */,
			);
			path = Grid;
			sourceTree = "<group>";
		};
		C20DA9441FD5BC1400B1D45D /* OpenGL */ = {
			isa = PBXGroup;
			children = (
				C2F283791FBA7339007A0BEA /* Info-iOS.plist */,
				C2DC35A81FBF8E3E00C49007 /* Info-macOS.plist */,
				C2F283741FBA7339007A0BEA /* Assets-iOS.xcassets */,
				C2DC35A31FBF8E3E00C49007 /* Assets-macOS.xcassets */,
			);
			path = OpenGL;
			sourceTree = "<group>";
		};
		C20DA9451FD5BD6B00B1D45D /* Common */ = {
			isa = PBXGroup;
			children = (
				C2BFA34A1FE8C21500DC018F /* draw.h */,
				C239A5C61FD49F43003BD3BB /* utility.hpp */,
				C239A5CA1FD49F43003BD3BB /* utility.cpp */,
			);
			path = Common;
			sourceTree = "<group>";
		};
		C20DA9461FD5BD8000B1D45D /* iOS */ = {
			isa = PBXGroup;
			children = (
				C2F2836D1FBA7339007A0BEA /* AppDelegate.swift */,
				C2BFA34E1FE8CC6C00DC018F /* RootController.swift */,
				C269A7B51FE8395900BD86EB /* UIView+.swift */,
				C20DA9481FD5BDE900B1D45D /* LaunchScreen.storyboard */,
			);
			path = iOS;
			sourceTree = "<group>";
		};
		C20DA9471FD5BD8500B1D45D /* macOS */ = {
			isa = PBXGroup;
			children = (
				C2DC35AD1FBF929A00C49007 /* main.swift */,
				C2DC35A11FBF8E3E00C49007 /* AppDelegate.swift */,
			);
			path = macOS;
			sourceTree = "<group>";
		};
		C20DA9601FD5C20F00B1D45D /* Common */ = {
			isa = PBXGroup;
			children = (
				C20DA9611FD5C37F00B1D45D /* draw.cpp */,
				C20DA9681FD5C65500B1D45D /* grid.hpp */,
				C20DA9671FD5C65500B1D45D /* grid.cpp */,
				C20DA96A1FD5CA9800B1D45D /* grid.vsh */,
				C20DA96C1FD5CAA200B1D45D /* grid.fsh */,
			);
			path = Common;
			sourceTree = "<group>";
		};
		C24FC4C31FBAA5F100AB7C1E /* Sources */ = {
			isa = PBXGroup;
			children = (
				C20DA9451FD5BD6B00B1D45D /* Common */,
				C20DA9461FD5BD8000B1D45D /* iOS */,
				C20DA9471FD5BD8500B1D45D /* macOS */,
			);
			path = Sources;
			sourceTree = "<group>";
		};
		C288221A1FEC653900C6128B /* Playground */ = {
			isa = PBXGroup;
			children = (
				C252656F1FFC963D00BC8B9C /* positions */,
				C25265701FFC963D00BC8B9C /* velocities */,
				C21E28831FF6C0BD00506FB4 /* main.cpp */,
			);
			path = Playground;
			sourceTree = "<group>";
		};
		C28C3C971FE31E0A00C6CF99 /* Particles */ = {
			isa = PBXGroup;
			children = (
				C28C3C981FE31E2500C6CF99 /* Common */,
				C28C3C991FE31E2A00C6CF99 /* iOS */,
				C2A42C561FED6EA7009B9EB7 /* Resources */,
			);
			path = Particles;
			sourceTree = "<group>";
		};
		C28C3C981FE31E2500C6CF99 /* Common */ = {
			isa = PBXGroup;
			children = (
				C28C3CB51FE320B400C6CF99 /* draw.cpp */,
				C28C3CAE1FE31EFE00C6CF99 /* particles.hpp */,
				C28C3CB31FE3202E00C6CF99 /* particles.cpp */,
				C28C3CAF1FE31F6100C6CF99 /* particles.vsh */,
				C28C3CB11FE31F7D00C6CF99 /* particles.fsh */,
				C2EDF78E1FE871220077195D /* update.hpp */,
				C2EDF78D1FE871220077195D /* update.cpp */,
				C28C3CB71FE425B900C6CF99 /* update.vsh */,
				C28C3CB91FE425C400C6CF99 /* update.fsh */,
				C2A6C92B2003E6D90025ED91 /* obstacles.hpp */,
				C2A6C92A2003E6D90025ED91 /* obstacles.cpp */,
				C2A6C92D2003E6F70025ED91 /* obstacles.vsh */,
				C2A6C92F2003E7040025ED91 /* obstacles.fsh */,
				C24F79AA2005380000B6AC00 /* flat.hpp */,
				C24F79A92005380000B6AC00 /* flat.cpp */,
				C24F79AC2005397D00B6AC00 /* flat.vsh */,
				C24F79AE2005398400B6AC00 /* flat.fsh */,
				C28822241FEC8D4400C6128B /* textures.hpp */,
				C28822231FEC8D4400C6128B /* textures.cpp */,
			);
			path = Common;
			sourceTree = "<group>";
		};
		C28C3C991FE31E2A00C6CF99 /* iOS */ = {
			isa = PBXGroup;
			children = (
				C28C3CAC1FE31EC700C6CF99 /* ViewController.swift */,
			);
			path = iOS;
			sourceTree = "<group>";
		};
		C2A42C561FED6EA7009B9EB7 /* Resources */ = {
			isa = PBXGroup;
			children = (
				C2A42C571FED6EBD009B9EB7 /* data */,
			);
			path = Resources;
			sourceTree = "<group>";
		};
		C2B25DD41FBB7FF800287630 /* Demo */ = {
			isa = PBXGroup;
			children = (
				C20DA9411FD5B18D00B1D45D /* Geometry */,
				C20DA9431FD5B7D700B1D45D /* Grid */,
				C28C3C971FE31E0A00C6CF99 /* Particles */,
			);
			path = Demo;
			sourceTree = "<group>";
		};
		C2B25DD61FBB801800287630 /* iOS */ = {
			isa = PBXGroup;
			children = (
				C225BE0F1FBD11650097F75E /* ViewController.swift */,
			);
			path = iOS;
			sourceTree = "<group>";
		};
		C2BFA3521FE8D1DB00DC018F /* iOS */ = {
			isa = PBXGroup;
			children = (
				C2BFA3531FE8D20A00DC018F /* ViewController.swift */,
			);
			path = iOS;
			sourceTree = "<group>";
		};
		C2F283611FBA7338007A0BEA = {
			isa = PBXGroup;
			children = (
				C20DA9441FD5BC1400B1D45D /* OpenGL */,
				C24FC4C31FBAA5F100AB7C1E /* Sources */,
				C2B25DD41FBB7FF800287630 /* Demo */,
				C288221A1FEC653900C6128B /* Playground */,
				C2F2836B1FBA7339007A0BEA /* Products */,
				C2F283801FBA7833007A0BEA /* Frameworks */,
			);
			sourceTree = "<group>";
		};
		C2F2836B1FBA7339007A0BEA /* Products */ = {
			isa = PBXGroup;
			children = (
				C2F2836A1FBA7339007A0BEA /* Geometry.app */,
				C20DA95D1FD5BFDF00B1D45D /* Grid.app */,
				C28C3CAA1FE31E6300C6CF99 /* Particles.app */,
				C28822191FEC653900C6128B /* Playground */,
			);
			name = Products;
			sourceTree = "<group>";
		};
		C2F283801FBA7833007A0BEA /* Frameworks */ = {
			isa = PBXGroup;
			children = (
				C2B25DFE1FBBBF2900287630 /* OpenGLES.framework */,
				C2B25DEC1FBB841300287630 /* Cocoa.framework */,
				C2B25DEA1FBB840A00287630 /* GLUT.framework */,
				C2B25DE81FBB837A00287630 /* OpenGL.framework */,
			);
			name = Frameworks;
			sourceTree = "<group>";
		};
/* End PBXGroup section */

/* Begin PBXNativeTarget section */
		C20DA94B1FD5BFDF00B1D45D /* Grid-iOS */ = {
			isa = PBXNativeTarget;
			buildConfigurationList = C20DA95A1FD5BFDF00B1D45D /* Build configuration list for PBXNativeTarget "Grid-iOS" */;
			buildPhases = (
				C20DA94C1FD5BFDF00B1D45D /* Sources */,
				C20DA9531FD5BFDF00B1D45D /* Frameworks */,
				C20DA9541FD5BFDF00B1D45D /* Resources */,
				C2154A4B1FE48B19005A275F /* Label Highlight Script */,
			);
			buildRules = (
			);
			dependencies = (
			);
			name = "Grid-iOS";
			productName = OpenGL;
			productReference = C20DA95D1FD5BFDF00B1D45D /* Grid.app */;
			productType = "com.apple.product-type.application";
		};
		C28822181FEC653900C6128B /* Playground */ = {
			isa = PBXNativeTarget;
			buildConfigurationList = C288221F1FEC653900C6128B /* Build configuration list for PBXNativeTarget "Playground" */;
			buildPhases = (
				C28822151FEC653900C6128B /* Sources */,
				C28822161FEC653900C6128B /* Frameworks */,
				C28822171FEC653900C6128B /* CopyFiles */,
				C28822281FECCD1000C6128B /* Resources */,
			);
			buildRules = (
			);
			dependencies = (
			);
			name = Playground;
			productName = Playground;
			productReference = C28822191FEC653900C6128B /* Playground */;
			productType = "com.apple.product-type.tool";
		};
		C28C3C9A1FE31E6300C6CF99 /* Particles-iOS */ = {
			isa = PBXNativeTarget;
			buildConfigurationList = C28C3CA71FE31E6300C6CF99 /* Build configuration list for PBXNativeTarget "Particles-iOS" */;
			buildPhases = (
				C28C3C9B1FE31E6300C6CF99 /* Sources */,
				C28C3CA11FE31E6300C6CF99 /* Frameworks */,
				C28C3CA21FE31E6300C6CF99 /* Resources */,
				C2154A4A1FE489F9005A275F /* Label Highlight Script */,
			);
			buildRules = (
			);
			dependencies = (
			);
			name = "Particles-iOS";
			productName = OpenGL;
			productReference = C28C3CAA1FE31E6300C6CF99 /* Particles.app */;
			productType = "com.apple.product-type.application";
		};
		C2F283691FBA7338007A0BEA /* Geometry-iOS */ = {
			isa = PBXNativeTarget;
			buildConfigurationList = C2F2837C1FBA7339007A0BEA /* Build configuration list for PBXNativeTarget "Geometry-iOS" */;
			buildPhases = (
				C2F283661FBA7338007A0BEA /* Sources */,
				C2F283671FBA7338007A0BEA /* Frameworks */,
				C2F283681FBA7338007A0BEA /* Resources */,
				C2154A4C1FE48B41005A275F /* Label Highlight Script */,
			);
			buildRules = (
			);
			dependencies = (
			);
			name = "Geometry-iOS";
			productName = OpenGL;
			productReference = C2F2836A1FBA7339007A0BEA /* Geometry.app */;
			productType = "com.apple.product-type.application";
		};
/* End PBXNativeTarget section */

/* Begin PBXProject section */
		C2F283621FBA7338007A0BEA /* Project object */ = {
			isa = PBXProject;
			attributes = {
				LastSwiftUpdateCheck = 0910;
				LastUpgradeCheck = 0910;
				ORGANIZATIONNAME = "Hai Nguyen";
				TargetAttributes = {
					C20DA94B1FD5BFDF00B1D45D = {
						ProvisioningStyle = Automatic;
					};
					C28822181FEC653900C6128B = {
						CreatedOnToolsVersion = 9.2;
						ProvisioningStyle = Automatic;
					};
					C28C3C9A1FE31E6300C6CF99 = {
						ProvisioningStyle = Automatic;
					};
					C2F283691FBA7338007A0BEA = {
						CreatedOnToolsVersion = 9.1;
						LastSwiftMigration = 0910;
						ProvisioningStyle = Automatic;
					};
				};
			};
			buildConfigurationList = C2F283651FBA7338007A0BEA /* Build configuration list for PBXProject "OpenGL" */;
			compatibilityVersion = "Xcode 8.0";
			developmentRegion = en;
			hasScannedForEncodings = 0;
			knownRegions = (
				en,
				Base,
			);
			mainGroup = C2F283611FBA7338007A0BEA;
			productRefGroup = C2F2836B1FBA7339007A0BEA /* Products */;
			projectDirPath = "";
			projectRoot = "";
			targets = (
				C2F283691FBA7338007A0BEA /* Geometry-iOS */,
				C20DA94B1FD5BFDF00B1D45D /* Grid-iOS */,
				C28C3C9A1FE31E6300C6CF99 /* Particles-iOS */,
				C28822181FEC653900C6128B /* Playground */,
			);
		};
/* End PBXProject section */

/* Begin PBXResourcesBuildPhase section */
		C20DA9541FD5BFDF00B1D45D /* Resources */ = {
			isa = PBXResourcesBuildPhase;
			buildActionMask = 2147483647;
			files = (
				C20DA96B1FD5CA9800B1D45D /* grid.vsh in Resources */,
				C20DA9571FD5BFDF00B1D45D /* Assets-iOS.xcassets in Resources */,
				C20DA96D1FD5CAA200B1D45D /* grid.fsh in Resources */,
				C20DA9581FD5BFDF00B1D45D /* LaunchScreen.storyboard in Resources */,
			);
			runOnlyForDeploymentPostprocessing = 0;
		};
		C28C3CA21FE31E6300C6CF99 /* Resources */ = {
			isa = PBXResourcesBuildPhase;
			buildActionMask = 2147483647;
			files = (
				C28C3CB01FE31F6100C6CF99 /* particles.vsh in Resources */,
				C28C3CB21FE31F7D00C6CF99 /* particles.fsh in Resources */,
				C28C3CA31FE31E6300C6CF99 /* grid.vsh in Resources */,
				C28C3CA41FE31E6300C6CF99 /* Assets-iOS.xcassets in Resources */,
				C2A6C92E2003E6F70025ED91 /* obstacles.vsh in Resources */,
				C2A42C591FED6EC1009B9EB7 /* data in Resources */,
				C24F79AD2005397D00B6AC00 /* flat.vsh in Resources */,
				C28C3CA51FE31E6300C6CF99 /* grid.fsh in Resources */,
				C28C3CA61FE31E6300C6CF99 /* LaunchScreen.storyboard in Resources */,
				C28C3CB81FE425B900C6CF99 /* update.vsh in Resources */,
				C24F79AF2005398400B6AC00 /* flat.fsh in Resources */,
				C2A6C9302003E7040025ED91 /* obstacles.fsh in Resources */,
				C28C3CBA1FE425C400C6CF99 /* update.fsh in Resources */,
			);
			runOnlyForDeploymentPostprocessing = 0;
		};
		C2F283681FBA7338007A0BEA /* Resources */ = {
			isa = PBXResourcesBuildPhase;
			buildActionMask = 2147483647;
			files = (
				C239A5D11FD49F44003BD3BB /* geometry.vsh in Resources */,
				C2FDEDBD1FBE40C3008529A6 /* Dungeon.png in Resources */,
				C2F283751FBA7339007A0BEA /* Assets-iOS.xcassets in Resources */,
				C20DA94A1FD5BDE900B1D45D /* LaunchScreen.storyboard in Resources */,
				C239A5CF1FD49F44003BD3BB /* geometry.fsh in Resources */,
			);
			runOnlyForDeploymentPostprocessing = 0;
		};
/* End PBXResourcesBuildPhase section */

/* Begin PBXShellScriptBuildPhase section */
		C2154A4A1FE489F9005A275F /* Label Highlight Script */ = {
			isa = PBXShellScriptBuildPhase;
			buildActionMask = 2147483647;
			files = (
			);
			inputPaths = (
			);
			name = "Label Highlight Script";
			outputPaths = (
			);
			runOnlyForDeploymentPostprocessing = 0;
			shellPath = /bin/sh;
			shellScript = "TAGS=\"TODO:|FIXME:\"\nERRORTAG=\"ERROR:\"\n\nfind ${SRCROOT}/Demo/Particles/{Common,iOS}/ -name \"*.cpp\" -print0                                  \\\n    | xargs -0 egrep --with-filename --line-number --only-matching \"($TAGS).*\\$|($ERRORTAG).*\\$\"    \\\n    | perl -pe \"s/($TAGS)/ warning: \\$1/\"                                                           \\\n    | perl -pe \"s/($ERRORTAG)/ error: \\$1/\"\n";
		};
		C2154A4B1FE48B19005A275F /* Label Highlight Script */ = {
			isa = PBXShellScriptBuildPhase;
			buildActionMask = 2147483647;
			files = (
			);
			inputPaths = (
			);
			name = "Label Highlight Script";
			outputPaths = (
			);
			runOnlyForDeploymentPostprocessing = 0;
			shellPath = /bin/sh;
			shellScript = "TAGS=\"TODO:|FIXME:\"\nERRORTAG=\"ERROR:\"\n\nfind ${SRCROOT}/Demo/Grid/{Common,iOS}/ -name \"*.cpp\" -print0                                       \\\n    | xargs -0 egrep --with-filename --line-number --only-matching \"($TAGS).*\\$|($ERRORTAG).*\\$\"    \\\n    | perl -pe \"s/($TAGS)/ warning: \\$1/\"                                                           \\\n    | perl -pe \"s/($ERRORTAG)/ error: \\$1/\"\n";
		};
		C2154A4C1FE48B41005A275F /* Label Highlight Script */ = {
			isa = PBXShellScriptBuildPhase;
			buildActionMask = 2147483647;
			files = (
			);
			inputPaths = (
			);
			name = "Label Highlight Script";
			outputPaths = (
			);
			runOnlyForDeploymentPostprocessing = 0;
			shellPath = /bin/sh;
			shellScript = "TAGS=\"TODO:|FIXME:\"\nERRORTAG=\"ERROR:\"\n\nfind ${SRCROOT}/Demo/Geometry/{Common,iOS}/ -name \"*.cpp\" -print0                                   \\\n    | xargs -0 egrep --with-filename --line-number --only-matching \"($TAGS).*\\$|($ERRORTAG).*\\$\"    \\\n    | perl -pe \"s/($TAGS)/ warning: \\$1/\"                                                           \\\n    | perl -pe \"s/($ERRORTAG)/ error: \\$1/\"\n";
		};
/* End PBXShellScriptBuildPhase section */

/* Begin PBXSourcesBuildPhase section */
		C20DA94C1FD5BFDF00B1D45D /* Sources */ = {
			isa = PBXSourcesBuildPhase;
			buildActionMask = 2147483647;
			files = (
				C20DA94D1FD5BFDF00B1D45D /* utility.cpp in Sources */,
				C269A7B71FE8395900BD86EB /* UIView+.swift in Sources */,
				C20DA9521FD5BFDF00B1D45D /* AppDelegate.swift in Sources */,
				C2BFA3501FE8CC6C00DC018F /* RootController.swift in Sources */,
				C2BFA3541FE8D20A00DC018F /* ViewController.swift in Sources */,
				C21B333F1FD8CDB900B0F57D /* draw.cpp in Sources */,
				C20DA9691FD5C65500B1D45D /* grid.cpp in Sources */,
			);
			runOnlyForDeploymentPostprocessing = 0;
		};
		C28822151FEC653900C6128B /* Sources */ = {
			isa = PBXSourcesBuildPhase;
			buildActionMask = 2147483647;
			files = (
				C21E28841FF6C0BD00506FB4 /* main.cpp in Sources */,
			);
			runOnlyForDeploymentPostprocessing = 0;
		};
		C28C3C9B1FE31E6300C6CF99 /* Sources */ = {
			isa = PBXSourcesBuildPhase;
			buildActionMask = 2147483647;
			files = (
				C28C3CAD1FE31EC700C6CF99 /* ViewController.swift in Sources */,
				C28C3C9D1FE31E6300C6CF99 /* utility.cpp in Sources */,
				C28C3CB61FE320B400C6CF99 /* draw.cpp in Sources */,
				C2A6C92C2003E6D90025ED91 /* obstacles.cpp in Sources */,
				C28822251FEC8D4400C6128B /* textures.cpp in Sources */,
				C2BFA3511FE8CC6C00DC018F /* RootController.swift in Sources */,
				C28C3C9E1FE31E6300C6CF99 /* AppDelegate.swift in Sources */,
				C269A7B81FE8395900BD86EB /* UIView+.swift in Sources */,
				C24F79AB2005380000B6AC00 /* flat.cpp in Sources */,
				C28C3CA01FE31E6300C6CF99 /* grid.cpp in Sources */,
				C2EDF78F1FE871220077195D /* update.cpp in Sources */,
				C28C3CB41FE3202E00C6CF99 /* particles.cpp in Sources */,
			);
			runOnlyForDeploymentPostprocessing = 0;
		};
		C2F283661FBA7338007A0BEA /* Sources */ = {
			isa = PBXSourcesBuildPhase;
			buildActionMask = 2147483647;
			files = (
				C239A5D01FD49F44003BD3BB /* utility.cpp in Sources */,
				C225BE101FBD11650097F75E /* ViewController.swift in Sources */,
				C269A7B61FE8395900BD86EB /* UIView+.swift in Sources */,
				C239A5CD1FD49F44003BD3BB /* geometry.cpp in Sources */,
				C2BFA34F1FE8CC6C00DC018F /* RootController.swift in Sources */,
				C2A2DA661FD9011B00DEAC28 /* draw.cpp in Sources */,
				C2F2836E1FBA7339007A0BEA /* AppDelegate.swift in Sources */,
			);
			runOnlyForDeploymentPostprocessing = 0;
		};
/* End PBXSourcesBuildPhase section */

/* Begin PBXVariantGroup section */
		C20DA9481FD5BDE900B1D45D /* LaunchScreen.storyboard */ = {
			isa = PBXVariantGroup;
			children = (
				C20DA9491FD5BDE900B1D45D /* Base */,
			);
			name = LaunchScreen.storyboard;
			sourceTree = "<group>";
		};
/* End PBXVariantGroup section */

/* Begin XCBuildConfiguration section */
		C20DA95B1FD5BFDF00B1D45D /* Debug */ = {
			isa = XCBuildConfiguration;
			buildSettings = {
				ASSETCATALOG_COMPILER_APPICON_NAME = AppIcon;
				CLANG_ENABLE_MODULES = YES;
				CODE_SIGN_STYLE = Automatic;
				DEVELOPMENT_TEAM = 88HW36EGGB;
				INFOPLIST_FILE = "OpenGL/Info-iOS.plist";
				IPHONEOS_DEPLOYMENT_TARGET = 8.0;
				LD_RUNPATH_SEARCH_PATHS = "$(inherited) @executable_path/Frameworks";
				PRODUCT_BUNDLE_IDENTIFIER = "com.hainguyen.opengl-grid-ios";
				PRODUCT_NAME = Grid;
				SWIFT_OPTIMIZATION_LEVEL = "-Onone";
				SWIFT_VERSION = 4.0;
				TARGETED_DEVICE_FAMILY = "1,2";
			};
			name = Debug;
		};
		C20DA95C1FD5BFDF00B1D45D /* Release */ = {
			isa = XCBuildConfiguration;
			buildSettings = {
				ASSETCATALOG_COMPILER_APPICON_NAME = AppIcon;
				CLANG_ENABLE_MODULES = YES;
				CODE_SIGN_STYLE = Automatic;
				DEVELOPMENT_TEAM = 88HW36EGGB;
				INFOPLIST_FILE = "OpenGL/Info-iOS.plist";
				IPHONEOS_DEPLOYMENT_TARGET = 8.0;
				LD_RUNPATH_SEARCH_PATHS = "$(inherited) @executable_path/Frameworks";
				PRODUCT_BUNDLE_IDENTIFIER = "com.hainguyen.opengl-grid-ios";
				PRODUCT_NAME = Grid;
				SWIFT_VERSION = 4.0;
				TARGETED_DEVICE_FAMILY = "1,2";
			};
			name = Release;
		};
		C288221D1FEC653900C6128B /* Debug */ = {
			isa = XCBuildConfiguration;
			buildSettings = {
				ALWAYS_SEARCH_USER_PATHS = NO;
				CODE_SIGN_IDENTITY = "-";
				CODE_SIGN_STYLE = Automatic;
				MACOSX_DEPLOYMENT_TARGET = 10.13;
				PRODUCT_NAME = "$(TARGET_NAME)";
				SDKROOT = macosx;
			};
			name = Debug;
		};
		C288221E1FEC653900C6128B /* Release */ = {
			isa = XCBuildConfiguration;
			buildSettings = {
				ALWAYS_SEARCH_USER_PATHS = NO;
				CODE_SIGN_IDENTITY = "-";
				CODE_SIGN_STYLE = Automatic;
				MACOSX_DEPLOYMENT_TARGET = 10.13;
				PRODUCT_NAME = "$(TARGET_NAME)";
				SDKROOT = macosx;
			};
			name = Release;
		};
		C28C3CA81FE31E6300C6CF99 /* Debug */ = {
			isa = XCBuildConfiguration;
			buildSettings = {
				ASSETCATALOG_COMPILER_APPICON_NAME = AppIcon;
				CLANG_ENABLE_MODULES = YES;
				CODE_SIGN_STYLE = Automatic;
				DEVELOPMENT_TEAM = 88HW36EGGB;
				INFOPLIST_FILE = "OpenGL/Info-iOS.plist";
				IPHONEOS_DEPLOYMENT_TARGET = 8.0;
				LD_RUNPATH_SEARCH_PATHS = "$(inherited) @executable_path/Frameworks";
				PRODUCT_BUNDLE_IDENTIFIER = "com.hainguyen.opengl-particle-ios";
				PRODUCT_NAME = Particles;
				SWIFT_OPTIMIZATION_LEVEL = "-Onone";
				SWIFT_VERSION = 4.0;
				TARGETED_DEVICE_FAMILY = "1,2";
			};
			name = Debug;
		};
		C28C3CA91FE31E6300C6CF99 /* Release */ = {
			isa = XCBuildConfiguration;
			buildSettings = {
				ASSETCATALOG_COMPILER_APPICON_NAME = AppIcon;
				CLANG_ENABLE_MODULES = YES;
				CODE_SIGN_STYLE = Automatic;
				DEVELOPMENT_TEAM = 88HW36EGGB;
				INFOPLIST_FILE = "OpenGL/Info-iOS.plist";
				IPHONEOS_DEPLOYMENT_TARGET = 8.0;
				LD_RUNPATH_SEARCH_PATHS = "$(inherited) @executable_path/Frameworks";
				PRODUCT_BUNDLE_IDENTIFIER = "com.hainguyen.opengl-particle-ios";
				PRODUCT_NAME = Particles;
				SWIFT_VERSION = 4.0;
				TARGETED_DEVICE_FAMILY = "1,2";
			};
			name = Release;
		};
		C2F2837A1FBA7339007A0BEA /* Debug */ = {
			isa = XCBuildConfiguration;
			buildSettings = {
				CLANG_ANALYZER_NONNULL = YES;
				CLANG_ANALYZER_NUMBER_OBJECT_CONVERSION = YES_AGGRESSIVE;
				CLANG_CXX_LANGUAGE_STANDARD = "gnu++14";
				CLANG_CXX_LIBRARY = "libc++";
				CLANG_ENABLE_MODULES = YES;
				CLANG_ENABLE_OBJC_ARC = YES;
				CLANG_WARN_BLOCK_CAPTURE_AUTORELEASING = YES;
				CLANG_WARN_BOOL_CONVERSION = YES;
				CLANG_WARN_COMMA = YES;
				CLANG_WARN_CONSTANT_CONVERSION = YES;
				CLANG_WARN_DIRECT_OBJC_ISA_USAGE = YES_ERROR;
				CLANG_WARN_DOCUMENTATION_COMMENTS = YES;
				CLANG_WARN_EMPTY_BODY = YES;
				CLANG_WARN_ENUM_CONVERSION = YES;
				CLANG_WARN_INFINITE_RECURSION = YES;
				CLANG_WARN_INT_CONVERSION = YES;
				CLANG_WARN_NON_LITERAL_NULL_CONVERSION = YES;
				CLANG_WARN_OBJC_LITERAL_CONVERSION = YES;
				CLANG_WARN_OBJC_ROOT_CLASS = YES_ERROR;
				CLANG_WARN_RANGE_LOOP_ANALYSIS = YES;
				CLANG_WARN_STRICT_PROTOTYPES = YES;
				CLANG_WARN_SUSPICIOUS_MOVE = YES;
				CLANG_WARN_UNGUARDED_AVAILABILITY = YES_AGGRESSIVE;
				CLANG_WARN_UNREACHABLE_CODE = YES;
				CLANG_WARN__DUPLICATE_METHOD_MATCH = YES;
				CODE_SIGN_IDENTITY = "iPhone Developer";
				COPY_PHASE_STRIP = NO;
				DEBUG_INFORMATION_FORMAT = dwarf;
				ENABLE_STRICT_OBJC_MSGSEND = YES;
				ENABLE_TESTABILITY = YES;
				GCC_C_LANGUAGE_STANDARD = gnu11;
				GCC_DYNAMIC_NO_PIC = NO;
				GCC_NO_COMMON_BLOCKS = YES;
				GCC_OPTIMIZATION_LEVEL = 0;
				GCC_PREPROCESSOR_DEFINITIONS = (
					"DEBUG=1",
					"$(inherited)",
				);
				GCC_WARN_64_TO_32_BIT_CONVERSION = YES;
				GCC_WARN_ABOUT_RETURN_TYPE = YES_ERROR;
				GCC_WARN_UNDECLARED_SELECTOR = YES;
				GCC_WARN_UNINITIALIZED_AUTOS = YES_AGGRESSIVE;
				GCC_WARN_UNUSED_FUNCTION = YES;
				GCC_WARN_UNUSED_VARIABLE = YES;
				HEADER_SEARCH_PATHS = (
					"$(SRCROOT)/Dependencies/glm/",
					"$(SRCROOT)/Sources/Common/",
				);
				IPHONEOS_DEPLOYMENT_TARGET = 11.1;
				MTL_ENABLE_DEBUG_INFO = YES;
				ONLY_ACTIVE_ARCH = YES;
				SDKROOT = iphoneos;
				SWIFT_ACTIVE_COMPILATION_CONDITIONS = DEBUG;
				SWIFT_OBJC_BRIDGING_HEADER = Sources/Common/draw.h;
				SWIFT_OPTIMIZATION_LEVEL = "-Onone";
				USE_HEADERMAP = NO;
			};
			name = Debug;
		};
		C2F2837B1FBA7339007A0BEA /* Release */ = {
			isa = XCBuildConfiguration;
			buildSettings = {
				CLANG_ANALYZER_NONNULL = YES;
				CLANG_ANALYZER_NUMBER_OBJECT_CONVERSION = YES_AGGRESSIVE;
				CLANG_CXX_LANGUAGE_STANDARD = "gnu++14";
				CLANG_CXX_LIBRARY = "libc++";
				CLANG_ENABLE_MODULES = YES;
				CLANG_ENABLE_OBJC_ARC = YES;
				CLANG_WARN_BLOCK_CAPTURE_AUTORELEASING = YES;
				CLANG_WARN_BOOL_CONVERSION = YES;
				CLANG_WARN_COMMA = YES;
				CLANG_WARN_CONSTANT_CONVERSION = YES;
				CLANG_WARN_DIRECT_OBJC_ISA_USAGE = YES_ERROR;
				CLANG_WARN_DOCUMENTATION_COMMENTS = YES;
				CLANG_WARN_EMPTY_BODY = YES;
				CLANG_WARN_ENUM_CONVERSION = YES;
				CLANG_WARN_INFINITE_RECURSION = YES;
				CLANG_WARN_INT_CONVERSION = YES;
				CLANG_WARN_NON_LITERAL_NULL_CONVERSION = YES;
				CLANG_WARN_OBJC_LITERAL_CONVERSION = YES;
				CLANG_WARN_OBJC_ROOT_CLASS = YES_ERROR;
				CLANG_WARN_RANGE_LOOP_ANALYSIS = YES;
				CLANG_WARN_STRICT_PROTOTYPES = YES;
				CLANG_WARN_SUSPICIOUS_MOVE = YES;
				CLANG_WARN_UNGUARDED_AVAILABILITY = YES_AGGRESSIVE;
				CLANG_WARN_UNREACHABLE_CODE = YES;
				CLANG_WARN__DUPLICATE_METHOD_MATCH = YES;
				CODE_SIGN_IDENTITY = "iPhone Developer";
				COPY_PHASE_STRIP = NO;
				DEBUG_INFORMATION_FORMAT = "dwarf-with-dsym";
				ENABLE_NS_ASSERTIONS = NO;
				ENABLE_STRICT_OBJC_MSGSEND = YES;
				GCC_C_LANGUAGE_STANDARD = gnu11;
				GCC_NO_COMMON_BLOCKS = YES;
				GCC_WARN_64_TO_32_BIT_CONVERSION = YES;
				GCC_WARN_ABOUT_RETURN_TYPE = YES_ERROR;
				GCC_WARN_UNDECLARED_SELECTOR = YES;
				GCC_WARN_UNINITIALIZED_AUTOS = YES_AGGRESSIVE;
				GCC_WARN_UNUSED_FUNCTION = YES;
				GCC_WARN_UNUSED_VARIABLE = YES;
				HEADER_SEARCH_PATHS = (
					"$(SRCROOT)/Dependencies/glm/",
					"$(SRCROOT)/Sources/Common/",
				);
				IPHONEOS_DEPLOYMENT_TARGET = 11.1;
				MTL_ENABLE_DEBUG_INFO = NO;
				SDKROOT = iphoneos;
				SWIFT_OBJC_BRIDGING_HEADER = Sources/Common/draw.h;
				SWIFT_OPTIMIZATION_LEVEL = "-Owholemodule";
				USE_HEADERMAP = NO;
				VALIDATE_PRODUCT = YES;
			};
			name = Release;
		};
		C2F2837D1FBA7339007A0BEA /* Debug */ = {
			isa = XCBuildConfiguration;
			buildSettings = {
				ASSETCATALOG_COMPILER_APPICON_NAME = AppIcon;
				CLANG_ENABLE_MODULES = YES;
				CODE_SIGN_STYLE = Automatic;
				DEVELOPMENT_TEAM = 88HW36EGGB;
				INFOPLIST_FILE = "OpenGL/Info-iOS.plist";
				IPHONEOS_DEPLOYMENT_TARGET = 8.0;
				LD_RUNPATH_SEARCH_PATHS = "$(inherited) @executable_path/Frameworks";
				PRODUCT_BUNDLE_IDENTIFIER = "com.hainguyen.opengl-geometry-ios";
				PRODUCT_NAME = Geometry;
				SWIFT_OPTIMIZATION_LEVEL = "-Onone";
				SWIFT_VERSION = 4.0;
				TARGETED_DEVICE_FAMILY = "1,2";
			};
			name = Debug;
		};
		C2F2837E1FBA7339007A0BEA /* Release */ = {
			isa = XCBuildConfiguration;
			buildSettings = {
				ASSETCATALOG_COMPILER_APPICON_NAME = AppIcon;
				CLANG_ENABLE_MODULES = YES;
				CODE_SIGN_STYLE = Automatic;
				DEVELOPMENT_TEAM = 88HW36EGGB;
				INFOPLIST_FILE = "OpenGL/Info-iOS.plist";
				IPHONEOS_DEPLOYMENT_TARGET = 8.0;
				LD_RUNPATH_SEARCH_PATHS = "$(inherited) @executable_path/Frameworks";
				PRODUCT_BUNDLE_IDENTIFIER = "com.hainguyen.opengl-geometry-ios";
				PRODUCT_NAME = Geometry;
				SWIFT_VERSION = 4.0;
				TARGETED_DEVICE_FAMILY = "1,2";
			};
			name = Release;
		};
/* End XCBuildConfiguration section */

/* Begin XCConfigurationList section */
		C20DA95A1FD5BFDF00B1D45D /* Build configuration list for PBXNativeTarget "Grid-iOS" */ = {
			isa = XCConfigurationList;
			buildConfigurations = (
				C20DA95B1FD5BFDF00B1D45D /* Debug */,
				C20DA95C1FD5BFDF00B1D45D /* Release */,
			);
			defaultConfigurationIsVisible = 0;
			defaultConfigurationName = Release;
		};
		C288221F1FEC653900C6128B /* Build configuration list for PBXNativeTarget "Playground" */ = {
			isa = XCConfigurationList;
			buildConfigurations = (
				C288221D1FEC653900C6128B /* Debug */,
				C288221E1FEC653900C6128B /* Release */,
			);
			defaultConfigurationIsVisible = 0;
			defaultConfigurationName = Release;
		};
		C28C3CA71FE31E6300C6CF99 /* Build configuration list for PBXNativeTarget "Particles-iOS" */ = {
			isa = XCConfigurationList;
			buildConfigurations = (
				C28C3CA81FE31E6300C6CF99 /* Debug */,
				C28C3CA91FE31E6300C6CF99 /* Release */,
			);
			defaultConfigurationIsVisible = 0;
			defaultConfigurationName = Release;
		};
		C2F283651FBA7338007A0BEA /* Build configuration list for PBXProject "OpenGL" */ = {
			isa = XCConfigurationList;
			buildConfigurations = (
				C2F2837A1FBA7339007A0BEA /* Debug */,
				C2F2837B1FBA7339007A0BEA /* Release */,
			);
			defaultConfigurationIsVisible = 0;
			defaultConfigurationName = Release;
		};
		C2F2837C1FBA7339007A0BEA /* Build configuration list for PBXNativeTarget "Geometry-iOS" */ = {
			isa = XCConfigurationList;
			buildConfigurations = (
				C2F2837D1FBA7339007A0BEA /* Debug */,
				C2F2837E1FBA7339007A0BEA /* Release */,
			);
			defaultConfigurationIsVisible = 0;
			defaultConfigurationName = Release;
		};
/* End XCConfigurationList section */
	};
	rootObject = C2F283621FBA7338007A0BEA /* Project object */;
}
